PODS:
  - Flutter (1.0.0)
  - SDWebImage (5.8.3):
    - SDWebImage/Core (= 5.8.3)
  - SDWebImage/Core (5.8.3)
  - Storyly (1.5.5):
    - SDWebImage
  - storyly_flutter (1.5.5):
    - Flutter
    - Storyly

DEPENDENCIES:
  - Flutter (from `Flutter`)
  - storyly_flutter (from `.symlinks/plugins/storyly_flutter/ios`)

SPEC REPOS:
  trunk:
    - SDWebImage
    - Storyly

EXTERNAL SOURCES:
  Flutter:
    :path: Flutter
  storyly_flutter:
    :path: ".symlinks/plugins/storyly_flutter/ios"

SPEC CHECKSUMS:
  Flutter: 0e3d915762c693b495b44d77113d4970485de6ec
  SDWebImage: 112503ec94a5a2a41869503844a15e8d8f1ead5c
  Storyly: eee53260216d8e18b28342351ffa4f22cf1c567e
  storyly_flutter: 5635f5abeadfe97bf8018cde6c36c010e79960f4

PODFILE CHECKSUM: 1b66dae606f75376c5f2135a8290850eeb09ae83

COCOAPODS: 1.9.3
