PODS:
  - SDWebImage (5.8.3):
    - SDWebImage/Core (= 5.8.3)
  - SDWebImage/Core (5.8.3)
  - Storyly (1.5.5):
    - SDWebImage

DEPENDENCIES:
  - Storyly (= 1.5.5)

SPEC REPOS:
  https://github.com/CocoaPods/Specs.git:
    - SDWebImage
    - Storyly

SPEC CHECKSUMS:
  SDWebImage: 112503ec94a5a2a41869503844a15e8d8f1ead5c
  Storyly: eee53260216d8e18b28342351ffa4f22cf1c567e

PODFILE CHECKSUM: 84643e826c9b6159f1a4c2e4d844e9aa45572164

COCOAPODS: 1.9.1
